
Microsoft Visual Studio Solution File, Format Version 12.00
# Visual Studio Version 17
VisualStudioVersion = 17.2.32526.322
MinimumVisualStudioVersion = 10.0.40219.1
Project("{FAE04EC0-301F-11D3-BF4B-00C04F79EFBC}") = "Ecf_Blanc_21_07_22", "Ecf_Blanc_21_07_22.csproj", "{129CDC44-9F7C-4935-92FB-513C1481782B}"
EndProject
Global
	GlobalSection(SolutionConfigurationPlatforms) = preSolution
		Debug|Any CPU = Debug|Any CPU
		Release|Any CPU = Release|Any CPU
	EndGlobalSection
	GlobalSection(ProjectConfigurationPlatforms) = postSolution
		{129CDC44-9F7C-4935-92FB-513C1481782B}.Debug|Any CPU.ActiveCfg = Debug|Any CPU
		{129CDC44-9F7C-4935-92FB-513C1481782B}.Debug|Any CPU.Build.0 = Debug|Any CPU
		{129CDC44-9F7C-4935-92FB-513C1481782B}.Release|Any CPU.ActiveCfg = Release|Any CPU
		{129CDC44-9F7C-4935-92FB-513C1481782B}.Release|Any CPU.Build.0 = Release|Any CPU
	EndGlobalSection
	GlobalSection(SolutionProperties) = preSolution
		HideSolutionNode = FALSE
	EndGlobalSection
	GlobalSection(ExtensibilityGlobals) = postSolution
		SolutionGuid = {D52D839D-238B-4071-A4CB-1B40FA3AF5A5}
	EndGlobalSection
EndGlobal
