
Microsoft Visual Studio Solution File, Format Version 12.00
# Visual Studio Version 17
VisualStudioVersion = 17.3.32825.248
MinimumVisualStudioVersion = 10.0.40219.1
Project("{FAE04EC0-301F-11D3-BF4B-00C04F79EFBC}") = "openClassroomTest", "openClassroomTest\openClassroomTest.csproj", "{BEA82CBD-FF6B-4643-BF52-02AB1F205A1A}"
EndProject
Global
	GlobalSection(SolutionConfigurationPlatforms) = preSolution
		Debug|Any CPU = Debug|Any CPU
		Release|Any CPU = Release|Any CPU
	EndGlobalSection
	GlobalSection(ProjectConfigurationPlatforms) = postSolution
		{BEA82CBD-FF6B-4643-BF52-02AB1F205A1A}.Debug|Any CPU.ActiveCfg = Debug|Any CPU
		{BEA82CBD-FF6B-4643-BF52-02AB1F205A1A}.Debug|Any CPU.Build.0 = Debug|Any CPU
		{BEA82CBD-FF6B-4643-BF52-02AB1F205A1A}.Release|Any CPU.ActiveCfg = Release|Any CPU
		{BEA82CBD-FF6B-4643-BF52-02AB1F205A1A}.Release|Any CPU.Build.0 = Release|Any CPU
	EndGlobalSection
	GlobalSection(SolutionProperties) = preSolution
		HideSolutionNode = FALSE
	EndGlobalSection
	GlobalSection(ExtensibilityGlobals) = postSolution
		SolutionGuid = {DFCAF724-8160-4266-A2A6-8C8DEE499785}
	EndGlobalSection
EndGlobal
