
Microsoft Visual Studio Solution File, Format Version 12.00
# Visual Studio Version 17
VisualStudioVersion = 17.2.32526.322
MinimumVisualStudioVersion = 10.0.40219.1
Project("{9A19103F-16F7-4668-BE54-9A1E7A4F7556}") = "Interets", "Interets.csproj", "{0422F5BB-CB4E-478E-B05A-46215927D11D}"
EndProject
Project("{FAE04EC0-301F-11D3-BF4B-00C04F79EFBC}") = "libInterets", "..\libInterets\libInterets.csproj", "{C421757B-2272-4177-99DF-CB57DE0474BB}"
EndProject
Global
	GlobalSection(SolutionConfigurationPlatforms) = preSolution
		Debug|Any CPU = Debug|Any CPU
		Release|Any CPU = Release|Any CPU
	EndGlobalSection
	GlobalSection(ProjectConfigurationPlatforms) = postSolution
		{0422F5BB-CB4E-478E-B05A-46215927D11D}.Debug|Any CPU.ActiveCfg = Debug|Any CPU
		{0422F5BB-CB4E-478E-B05A-46215927D11D}.Debug|Any CPU.Build.0 = Debug|Any CPU
		{0422F5BB-CB4E-478E-B05A-46215927D11D}.Release|Any CPU.ActiveCfg = Release|Any CPU
		{0422F5BB-CB4E-478E-B05A-46215927D11D}.Release|Any CPU.Build.0 = Release|Any CPU
		{C421757B-2272-4177-99DF-CB57DE0474BB}.Debug|Any CPU.ActiveCfg = Debug|Any CPU
		{C421757B-2272-4177-99DF-CB57DE0474BB}.Debug|Any CPU.Build.0 = Debug|Any CPU
		{C421757B-2272-4177-99DF-CB57DE0474BB}.Release|Any CPU.ActiveCfg = Release|Any CPU
		{C421757B-2272-4177-99DF-CB57DE0474BB}.Release|Any CPU.Build.0 = Release|Any CPU
	EndGlobalSection
	GlobalSection(SolutionProperties) = preSolution
		HideSolutionNode = FALSE
	EndGlobalSection
	GlobalSection(ExtensibilityGlobals) = postSolution
		SolutionGuid = {82AA1DDE-17AD-492C-AA61-69EE0CDD56EB}
	EndGlobalSection
EndGlobal
