
Microsoft Visual Studio Solution File, Format Version 12.00
# Visual Studio Version 17
VisualStudioVersion = 17.2.32526.322
MinimumVisualStudioVersion = 10.0.40219.1
Project("{9A19103F-16F7-4668-BE54-9A1E7A4F7556}") = "PatternComposite", "PatternComposite\PatternComposite.csproj", "{0BE14D00-5D50-42E2-84EA-A13E0B14FF4E}"
EndProject
Project("{9A19103F-16F7-4668-BE54-9A1E7A4F7556}") = "myPatternDecorator", "myPatternDecorator\myPatternDecorator.csproj", "{07FDFA0D-F360-4CE9-A7B9-925972C7B154}"
EndProject
Project("{9A19103F-16F7-4668-BE54-9A1E7A4F7556}") = "myWinFormDecorator", "myWinFormDecorator\myWinFormDecorator.csproj", "{8BFB5F3F-983F-475F-BE9A-E23A812B74ED}"
EndProject
Project("{9A19103F-16F7-4668-BE54-9A1E7A4F7556}") = "PatternVisitor", "PatternVisitor\PatternVisitor.csproj", "{92BFFE07-F813-4861-88B4-707244804920}"
EndProject
Project("{9A19103F-16F7-4668-BE54-9A1E7A4F7556}") = "PatternCommand", "PatternCommand\PatternCommand.csproj", "{0DDBB604-2BB6-4D06-8626-1298B7D7F829}"
EndProject
Project("{9A19103F-16F7-4668-BE54-9A1E7A4F7556}") = "PatternStateWinform", "PatternStateWinform\PatternStateWinform.csproj", "{C5DF0DC7-0C06-4F5B-8B61-31D08449DF42}"
EndProject
Project("{9A19103F-16F7-4668-BE54-9A1E7A4F7556}") = "PatternAbstractFactory", "PatternAbstractFactory\PatternAbstractFactory.csproj", "{B6E73F10-F381-4D58-8FAE-1F0765F61F02}"
EndProject
Project("{9A19103F-16F7-4668-BE54-9A1E7A4F7556}") = "PatternIterator", "PatternIterator\PatternIterator.csproj", "{B02A7009-14B3-457D-A483-98A6FD6CC831}"
EndProject
Project("{9A19103F-16F7-4668-BE54-9A1E7A4F7556}") = "PatternProxy", "PatternProxy\PatternProxy.csproj", "{0EDFA1AE-8915-4157-BB16-3A5715187A53}"
EndProject
Project("{9A19103F-16F7-4668-BE54-9A1E7A4F7556}") = "PatternState", "PatternState\PatternState.csproj", "{82BF0DE2-A53B-43CA-96B9-7DF174660A5A}"
EndProject
Global
	GlobalSection(SolutionConfigurationPlatforms) = preSolution
		Debug|Any CPU = Debug|Any CPU
		Release|Any CPU = Release|Any CPU
	EndGlobalSection
	GlobalSection(ProjectConfigurationPlatforms) = postSolution
		{0BE14D00-5D50-42E2-84EA-A13E0B14FF4E}.Debug|Any CPU.ActiveCfg = Debug|Any CPU
		{0BE14D00-5D50-42E2-84EA-A13E0B14FF4E}.Debug|Any CPU.Build.0 = Debug|Any CPU
		{0BE14D00-5D50-42E2-84EA-A13E0B14FF4E}.Release|Any CPU.ActiveCfg = Release|Any CPU
		{0BE14D00-5D50-42E2-84EA-A13E0B14FF4E}.Release|Any CPU.Build.0 = Release|Any CPU
		{07FDFA0D-F360-4CE9-A7B9-925972C7B154}.Debug|Any CPU.ActiveCfg = Debug|Any CPU
		{07FDFA0D-F360-4CE9-A7B9-925972C7B154}.Debug|Any CPU.Build.0 = Debug|Any CPU
		{07FDFA0D-F360-4CE9-A7B9-925972C7B154}.Release|Any CPU.ActiveCfg = Release|Any CPU
		{07FDFA0D-F360-4CE9-A7B9-925972C7B154}.Release|Any CPU.Build.0 = Release|Any CPU
		{8BFB5F3F-983F-475F-BE9A-E23A812B74ED}.Debug|Any CPU.ActiveCfg = Debug|Any CPU
		{8BFB5F3F-983F-475F-BE9A-E23A812B74ED}.Debug|Any CPU.Build.0 = Debug|Any CPU
		{8BFB5F3F-983F-475F-BE9A-E23A812B74ED}.Release|Any CPU.ActiveCfg = Release|Any CPU
		{8BFB5F3F-983F-475F-BE9A-E23A812B74ED}.Release|Any CPU.Build.0 = Release|Any CPU
		{92BFFE07-F813-4861-88B4-707244804920}.Debug|Any CPU.ActiveCfg = Debug|Any CPU
		{92BFFE07-F813-4861-88B4-707244804920}.Debug|Any CPU.Build.0 = Debug|Any CPU
		{92BFFE07-F813-4861-88B4-707244804920}.Release|Any CPU.ActiveCfg = Release|Any CPU
		{92BFFE07-F813-4861-88B4-707244804920}.Release|Any CPU.Build.0 = Release|Any CPU
		{0DDBB604-2BB6-4D06-8626-1298B7D7F829}.Debug|Any CPU.ActiveCfg = Debug|Any CPU
		{0DDBB604-2BB6-4D06-8626-1298B7D7F829}.Debug|Any CPU.Build.0 = Debug|Any CPU
		{0DDBB604-2BB6-4D06-8626-1298B7D7F829}.Release|Any CPU.ActiveCfg = Release|Any CPU
		{0DDBB604-2BB6-4D06-8626-1298B7D7F829}.Release|Any CPU.Build.0 = Release|Any CPU
		{C5DF0DC7-0C06-4F5B-8B61-31D08449DF42}.Debug|Any CPU.ActiveCfg = Debug|Any CPU
		{C5DF0DC7-0C06-4F5B-8B61-31D08449DF42}.Debug|Any CPU.Build.0 = Debug|Any CPU
		{C5DF0DC7-0C06-4F5B-8B61-31D08449DF42}.Release|Any CPU.ActiveCfg = Release|Any CPU
		{C5DF0DC7-0C06-4F5B-8B61-31D08449DF42}.Release|Any CPU.Build.0 = Release|Any CPU
		{B6E73F10-F381-4D58-8FAE-1F0765F61F02}.Debug|Any CPU.ActiveCfg = Debug|Any CPU
		{B6E73F10-F381-4D58-8FAE-1F0765F61F02}.Debug|Any CPU.Build.0 = Debug|Any CPU
		{B6E73F10-F381-4D58-8FAE-1F0765F61F02}.Release|Any CPU.ActiveCfg = Release|Any CPU
		{B6E73F10-F381-4D58-8FAE-1F0765F61F02}.Release|Any CPU.Build.0 = Release|Any CPU
		{B02A7009-14B3-457D-A483-98A6FD6CC831}.Debug|Any CPU.ActiveCfg = Debug|Any CPU
		{B02A7009-14B3-457D-A483-98A6FD6CC831}.Debug|Any CPU.Build.0 = Debug|Any CPU
		{B02A7009-14B3-457D-A483-98A6FD6CC831}.Release|Any CPU.ActiveCfg = Release|Any CPU
		{B02A7009-14B3-457D-A483-98A6FD6CC831}.Release|Any CPU.Build.0 = Release|Any CPU
		{0EDFA1AE-8915-4157-BB16-3A5715187A53}.Debug|Any CPU.ActiveCfg = Debug|Any CPU
		{0EDFA1AE-8915-4157-BB16-3A5715187A53}.Debug|Any CPU.Build.0 = Debug|Any CPU
		{0EDFA1AE-8915-4157-BB16-3A5715187A53}.Release|Any CPU.ActiveCfg = Release|Any CPU
		{0EDFA1AE-8915-4157-BB16-3A5715187A53}.Release|Any CPU.Build.0 = Release|Any CPU
		{82BF0DE2-A53B-43CA-96B9-7DF174660A5A}.Debug|Any CPU.ActiveCfg = Debug|Any CPU
		{82BF0DE2-A53B-43CA-96B9-7DF174660A5A}.Debug|Any CPU.Build.0 = Debug|Any CPU
		{82BF0DE2-A53B-43CA-96B9-7DF174660A5A}.Release|Any CPU.ActiveCfg = Release|Any CPU
		{82BF0DE2-A53B-43CA-96B9-7DF174660A5A}.Release|Any CPU.Build.0 = Release|Any CPU
	EndGlobalSection
	GlobalSection(SolutionProperties) = preSolution
		HideSolutionNode = FALSE
	EndGlobalSection
	GlobalSection(ExtensibilityGlobals) = postSolution
		SolutionGuid = {20355620-FEDD-4FC2-944C-BB7F872DC497}
	EndGlobalSection
EndGlobal
