
Microsoft Visual Studio Solution File, Format Version 12.00
# Visual Studio Version 17
VisualStudioVersion = 17.3.32825.248
MinimumVisualStudioVersion = 10.0.40219.1
Project("{9A19103F-16F7-4668-BE54-9A1E7A4F7556}") = "Iterator", "PatternIteratorExample\Iterator.csproj", "{8CD2D1BB-DFEC-45C9-99C7-2E52417F7772}"
EndProject
Project("{FAE04EC0-301F-11D3-BF4B-00C04F79EFBC}") = "State", "StateExample\State.csproj", "{F22EB57D-1045-44D4-A58A-93ED73514A61}"
EndProject
Global
	GlobalSection(SolutionConfigurationPlatforms) = preSolution
		Debug|Any CPU = Debug|Any CPU
		Release|Any CPU = Release|Any CPU
	EndGlobalSection
	GlobalSection(ProjectConfigurationPlatforms) = postSolution
		{8CD2D1BB-DFEC-45C9-99C7-2E52417F7772}.Debug|Any CPU.ActiveCfg = Debug|Any CPU
		{8CD2D1BB-DFEC-45C9-99C7-2E52417F7772}.Debug|Any CPU.Build.0 = Debug|Any CPU
		{8CD2D1BB-DFEC-45C9-99C7-2E52417F7772}.Release|Any CPU.ActiveCfg = Release|Any CPU
		{8CD2D1BB-DFEC-45C9-99C7-2E52417F7772}.Release|Any CPU.Build.0 = Release|Any CPU
		{F22EB57D-1045-44D4-A58A-93ED73514A61}.Debug|Any CPU.ActiveCfg = Debug|Any CPU
		{F22EB57D-1045-44D4-A58A-93ED73514A61}.Debug|Any CPU.Build.0 = Debug|Any CPU
		{F22EB57D-1045-44D4-A58A-93ED73514A61}.Release|Any CPU.ActiveCfg = Release|Any CPU
		{F22EB57D-1045-44D4-A58A-93ED73514A61}.Release|Any CPU.Build.0 = Release|Any CPU
	EndGlobalSection
	GlobalSection(SolutionProperties) = preSolution
		HideSolutionNode = FALSE
	EndGlobalSection
	GlobalSection(ExtensibilityGlobals) = postSolution
		SolutionGuid = {83AFA57B-0BDD-4813-A439-C5C22F493776}
	EndGlobalSection
EndGlobal
