
Microsoft Visual Studio Solution File, Format Version 12.00
# Visual Studio Version 17
VisualStudioVersion = 17.2.32516.85
MinimumVisualStudioVersion = 10.0.40219.1
Project("{9A19103F-16F7-4668-BE54-9A1E7A4F7556}") = "Additionneur", "Additionneur\Additionneur.csproj", "{57332C20-F7A7-4FF4-8E41-AC1B39C9FDD4}"
EndProject
Project("{9A19103F-16F7-4668-BE54-9A1E7A4F7556}") = "Caractere", "Caractere\Caractere.csproj", "{EA48B282-4518-474F-85CE-DAEAD54039FF}"
EndProject
Project("{9A19103F-16F7-4668-BE54-9A1E7A4F7556}") = "Element", "Element\Element.csproj", "{7D61332C-42F6-49FB-8F9B-0C8D04909DF1}"
EndProject
Project("{9A19103F-16F7-4668-BE54-9A1E7A4F7556}") = "Formulaire", "Formulaire\Formulaire.csproj", "{A4177DB0-1A05-4863-9FD7-29D81D6FF749}"
EndProject
Global
	GlobalSection(SolutionConfigurationPlatforms) = preSolution
		Debug|Any CPU = Debug|Any CPU
		Release|Any CPU = Release|Any CPU
	EndGlobalSection
	GlobalSection(ProjectConfigurationPlatforms) = postSolution
		{57332C20-F7A7-4FF4-8E41-AC1B39C9FDD4}.Debug|Any CPU.ActiveCfg = Debug|Any CPU
		{57332C20-F7A7-4FF4-8E41-AC1B39C9FDD4}.Debug|Any CPU.Build.0 = Debug|Any CPU
		{57332C20-F7A7-4FF4-8E41-AC1B39C9FDD4}.Release|Any CPU.ActiveCfg = Release|Any CPU
		{57332C20-F7A7-4FF4-8E41-AC1B39C9FDD4}.Release|Any CPU.Build.0 = Release|Any CPU
		{EA48B282-4518-474F-85CE-DAEAD54039FF}.Debug|Any CPU.ActiveCfg = Debug|Any CPU
		{EA48B282-4518-474F-85CE-DAEAD54039FF}.Debug|Any CPU.Build.0 = Debug|Any CPU
		{EA48B282-4518-474F-85CE-DAEAD54039FF}.Release|Any CPU.ActiveCfg = Release|Any CPU
		{EA48B282-4518-474F-85CE-DAEAD54039FF}.Release|Any CPU.Build.0 = Release|Any CPU
		{7D61332C-42F6-49FB-8F9B-0C8D04909DF1}.Debug|Any CPU.ActiveCfg = Debug|Any CPU
		{7D61332C-42F6-49FB-8F9B-0C8D04909DF1}.Debug|Any CPU.Build.0 = Debug|Any CPU
		{7D61332C-42F6-49FB-8F9B-0C8D04909DF1}.Release|Any CPU.ActiveCfg = Release|Any CPU
		{7D61332C-42F6-49FB-8F9B-0C8D04909DF1}.Release|Any CPU.Build.0 = Release|Any CPU
		{A4177DB0-1A05-4863-9FD7-29D81D6FF749}.Debug|Any CPU.ActiveCfg = Debug|Any CPU
		{A4177DB0-1A05-4863-9FD7-29D81D6FF749}.Debug|Any CPU.Build.0 = Debug|Any CPU
		{A4177DB0-1A05-4863-9FD7-29D81D6FF749}.Release|Any CPU.ActiveCfg = Release|Any CPU
		{A4177DB0-1A05-4863-9FD7-29D81D6FF749}.Release|Any CPU.Build.0 = Release|Any CPU
	EndGlobalSection
	GlobalSection(SolutionProperties) = preSolution
		HideSolutionNode = FALSE
	EndGlobalSection
	GlobalSection(ExtensibilityGlobals) = postSolution
		SolutionGuid = {2011A148-BA73-4BEC-887B-BBD1BD198250}
	EndGlobalSection
EndGlobal
