
Microsoft Visual Studio Solution File, Format Version 12.00
# Visual Studio Version 17
VisualStudioVersion = 17.2.32516.85
MinimumVisualStudioVersion = 10.0.40219.1
Project("{9A19103F-16F7-4668-BE54-9A1E7A4F7556}") = "boutonAutomatique", "boutonAutomatique\boutonAutomatique.csproj", "{C89B7862-DDB0-4F1E-912E-ACC587598083}"
EndProject
Project("{9A19103F-16F7-4668-BE54-9A1E7A4F7556}") = "WinFormLearning", "WinFormLearning\WinFormLearning.csproj", "{4D3ECE6A-C6B2-401E-8AA7-611836A78B64}"
EndProject
Project("{9A19103F-16F7-4668-BE54-9A1E7A4F7556}") = "Addition", "Addition\Addition.csproj", "{5037CA40-7D41-4FAF-B23F-53F0DCDF82A9}"
EndProject
Project("{9A19103F-16F7-4668-BE54-9A1E7A4F7556}") = "ajoutFormulaire", "ajoutFormulaire\ajoutFormulaire.csproj", "{4FC1F5B3-0EA8-4331-A7C0-56D9FD35532C}"
EndProject
Project("{9A19103F-16F7-4668-BE54-9A1E7A4F7556}") = "ajoutFormulaireTextChange", "ajoutFormulairev2\ajoutFormulaireTextChange.csproj", "{C81C2114-CB81-4187-9C2D-7566A086C29C}"
EndProject
Project("{9A19103F-16F7-4668-BE54-9A1E7A4F7556}") = "ajoutFormulaireValidated", "ajoutFormulaireV3\ajoutFormulaireValidated.csproj", "{43F80628-C734-4323-A67C-A2768EB5D761}"
EndProject
Project("{9A19103F-16F7-4668-BE54-9A1E7A4F7556}") = "ajoutFormulaireValidating", "ajoutFormulaireValidating\ajoutFormulaireValidating.csproj", "{E07C71B8-259E-46E9-9FCA-96F7182A654A}"
EndProject
Project("{9A19103F-16F7-4668-BE54-9A1E7A4F7556}") = "checkBoxRadioButton", "checkBoxRadioButton\checkBoxRadioButton.csproj", "{1C2F7CA8-0929-45C1-A589-6DA8F35FB5F2}"
EndProject
Project("{9A19103F-16F7-4668-BE54-9A1E7A4F7556}") = "checkBoxRadioButtonV2", "checkBoxRadioButtonV2\checkBoxRadioButtonV2.csproj", "{04645BB4-FE0C-4E11-85F2-C4FD37A07AC9}"
EndProject
Global
	GlobalSection(SolutionConfigurationPlatforms) = preSolution
		Debug|Any CPU = Debug|Any CPU
		Release|Any CPU = Release|Any CPU
	EndGlobalSection
	GlobalSection(ProjectConfigurationPlatforms) = postSolution
		{C89B7862-DDB0-4F1E-912E-ACC587598083}.Debug|Any CPU.ActiveCfg = Debug|Any CPU
		{C89B7862-DDB0-4F1E-912E-ACC587598083}.Debug|Any CPU.Build.0 = Debug|Any CPU
		{C89B7862-DDB0-4F1E-912E-ACC587598083}.Release|Any CPU.ActiveCfg = Release|Any CPU
		{C89B7862-DDB0-4F1E-912E-ACC587598083}.Release|Any CPU.Build.0 = Release|Any CPU
		{4D3ECE6A-C6B2-401E-8AA7-611836A78B64}.Debug|Any CPU.ActiveCfg = Debug|Any CPU
		{4D3ECE6A-C6B2-401E-8AA7-611836A78B64}.Debug|Any CPU.Build.0 = Debug|Any CPU
		{4D3ECE6A-C6B2-401E-8AA7-611836A78B64}.Release|Any CPU.ActiveCfg = Release|Any CPU
		{4D3ECE6A-C6B2-401E-8AA7-611836A78B64}.Release|Any CPU.Build.0 = Release|Any CPU
		{5037CA40-7D41-4FAF-B23F-53F0DCDF82A9}.Debug|Any CPU.ActiveCfg = Debug|Any CPU
		{5037CA40-7D41-4FAF-B23F-53F0DCDF82A9}.Debug|Any CPU.Build.0 = Debug|Any CPU
		{5037CA40-7D41-4FAF-B23F-53F0DCDF82A9}.Release|Any CPU.ActiveCfg = Release|Any CPU
		{5037CA40-7D41-4FAF-B23F-53F0DCDF82A9}.Release|Any CPU.Build.0 = Release|Any CPU
		{4FC1F5B3-0EA8-4331-A7C0-56D9FD35532C}.Debug|Any CPU.ActiveCfg = Debug|Any CPU
		{4FC1F5B3-0EA8-4331-A7C0-56D9FD35532C}.Debug|Any CPU.Build.0 = Debug|Any CPU
		{4FC1F5B3-0EA8-4331-A7C0-56D9FD35532C}.Release|Any CPU.ActiveCfg = Release|Any CPU
		{4FC1F5B3-0EA8-4331-A7C0-56D9FD35532C}.Release|Any CPU.Build.0 = Release|Any CPU
		{C81C2114-CB81-4187-9C2D-7566A086C29C}.Debug|Any CPU.ActiveCfg = Debug|Any CPU
		{C81C2114-CB81-4187-9C2D-7566A086C29C}.Debug|Any CPU.Build.0 = Debug|Any CPU
		{C81C2114-CB81-4187-9C2D-7566A086C29C}.Release|Any CPU.ActiveCfg = Release|Any CPU
		{C81C2114-CB81-4187-9C2D-7566A086C29C}.Release|Any CPU.Build.0 = Release|Any CPU
		{43F80628-C734-4323-A67C-A2768EB5D761}.Debug|Any CPU.ActiveCfg = Debug|Any CPU
		{43F80628-C734-4323-A67C-A2768EB5D761}.Debug|Any CPU.Build.0 = Debug|Any CPU
		{43F80628-C734-4323-A67C-A2768EB5D761}.Release|Any CPU.ActiveCfg = Release|Any CPU
		{43F80628-C734-4323-A67C-A2768EB5D761}.Release|Any CPU.Build.0 = Release|Any CPU
		{E07C71B8-259E-46E9-9FCA-96F7182A654A}.Debug|Any CPU.ActiveCfg = Debug|Any CPU
		{E07C71B8-259E-46E9-9FCA-96F7182A654A}.Debug|Any CPU.Build.0 = Debug|Any CPU
		{E07C71B8-259E-46E9-9FCA-96F7182A654A}.Release|Any CPU.ActiveCfg = Release|Any CPU
		{E07C71B8-259E-46E9-9FCA-96F7182A654A}.Release|Any CPU.Build.0 = Release|Any CPU
		{1C2F7CA8-0929-45C1-A589-6DA8F35FB5F2}.Debug|Any CPU.ActiveCfg = Debug|Any CPU
		{1C2F7CA8-0929-45C1-A589-6DA8F35FB5F2}.Debug|Any CPU.Build.0 = Debug|Any CPU
		{1C2F7CA8-0929-45C1-A589-6DA8F35FB5F2}.Release|Any CPU.ActiveCfg = Release|Any CPU
		{1C2F7CA8-0929-45C1-A589-6DA8F35FB5F2}.Release|Any CPU.Build.0 = Release|Any CPU
		{04645BB4-FE0C-4E11-85F2-C4FD37A07AC9}.Debug|Any CPU.ActiveCfg = Debug|Any CPU
		{04645BB4-FE0C-4E11-85F2-C4FD37A07AC9}.Debug|Any CPU.Build.0 = Debug|Any CPU
		{04645BB4-FE0C-4E11-85F2-C4FD37A07AC9}.Release|Any CPU.ActiveCfg = Release|Any CPU
		{04645BB4-FE0C-4E11-85F2-C4FD37A07AC9}.Release|Any CPU.Build.0 = Release|Any CPU
	EndGlobalSection
	GlobalSection(SolutionProperties) = preSolution
		HideSolutionNode = FALSE
	EndGlobalSection
	GlobalSection(ExtensibilityGlobals) = postSolution
		SolutionGuid = {2011A148-BA73-4BEC-887B-BBD1BD198250}
	EndGlobalSection
EndGlobal
